
Microsoft Visual Studio Solution File, Format Version 12.00
# Visual Studio 15
Project("{FAE04EC0-301F-11D3-BF4B-00C04F79EFBC}") = "Assembly-CSharp", "Assembly-CSharp.csproj", "{D1D0C6AD-83FF-87E2-3657-4EBA5C4ADFD3}"
EndProject
Global
	GlobalSection(SolutionConfigurationPlatforms) = preSolution
		Debug|Any CPU = Debug|Any CPU
		Release|Any CPU = Release|Any CPU
	EndGlobalSection
	GlobalSection(ProjectConfigurationPlatforms) = postSolution
		{D1D0C6AD-83FF-87E2-3657-4EBA5C4ADFD3}.Debug|Any CPU.ActiveCfg = Debug|Any CPU
		{D1D0C6AD-83FF-87E2-3657-4EBA5C4ADFD3}.Debug|Any CPU.Build.0 = Debug|Any CPU
		{D1D0C6AD-83FF-87E2-3657-4EBA5C4ADFD3}.Release|Any CPU.ActiveCfg = Release|Any CPU
		{D1D0C6AD-83FF-87E2-3657-4EBA5C4ADFD3}.Release|Any CPU.Build.0 = Release|Any CPU
	EndGlobalSection
	GlobalSection(SolutionProperties) = preSolution
		HideSolutionNode = FALSE
	EndGlobalSection
EndGlobal
